
Microsoft Visual Studio Solution File, Format Version 12.00
# Visual Studio Version 16
VisualStudioVersion = 16.0.29709.97
MinimumVisualStudioVersion = 10.0.40219.1
Project("{9A19103F-16F7-4668-BE54-9A1E7A4F7556}") = "gsGCode", "gsGCode\gsGCode.csproj", "{C0C739AF-9062-4638-8A1E-B8176E01EE7C}"
EndProject
Project("{FAE04EC0-301F-11D3-BF4B-00C04F79EFBC}") = "gsGCode.Tests", "gsGCode.Tests\gsGCode.Tests.csproj", "{6DF0D830-6010-4F0E-8C20-8883CE278C0E}"
EndProject
Global
	GlobalSection(SolutionConfigurationPlatforms) = preSolution
		Debug|Any CPU = Debug|Any CPU
		Release|Any CPU = Release|Any CPU
	EndGlobalSection
	GlobalSection(ProjectConfigurationPlatforms) = postSolution
		{C0C739AF-9062-4638-8A1E-B8176E01EE7C}.Debug|Any CPU.ActiveCfg = Debug|Any CPU
		{C0C739AF-9062-4638-8A1E-B8176E01EE7C}.Debug|Any CPU.Build.0 = Debug|Any CPU
		{C0C739AF-9062-4638-8A1E-B8176E01EE7C}.Release|Any CPU.ActiveCfg = Release|Any CPU
		{C0C739AF-9062-4638-8A1E-B8176E01EE7C}.Release|Any CPU.Build.0 = Release|Any CPU
		{6DF0D830-6010-4F0E-8C20-8883CE278C0E}.Debug|Any CPU.ActiveCfg = Debug|Any CPU
		{6DF0D830-6010-4F0E-8C20-8883CE278C0E}.Debug|Any CPU.Build.0 = Debug|Any CPU
		{6DF0D830-6010-4F0E-8C20-8883CE278C0E}.Release|Any CPU.ActiveCfg = Release|Any CPU
		{6DF0D830-6010-4F0E-8C20-8883CE278C0E}.Release|Any CPU.Build.0 = Release|Any CPU
	EndGlobalSection
	GlobalSection(SolutionProperties) = preSolution
		HideSolutionNode = FALSE
	EndGlobalSection
	GlobalSection(ExtensibilityGlobals) = postSolution
		SolutionGuid = {7583C2C9-524A-44D3-A07E-7065E040CBB6}
	EndGlobalSection
EndGlobal
